<Solution>
  <Configurations>
    <BuildType Name="Debug" />
    <BuildType Name="EasyTest" />
    <BuildType Name="Release" />
  </Configurations>
  <Project Path="XafTornado/XafTornado.Blazor.Server/XafTornado.Blazor.Server.csproj" />
  <Project Path="XafTornado/XafTornado.Module/XafTornado.Module.csproj" />
  <Project Path="XafTornado/XafTornado.Win/XafTornado.Win.csproj" />
  <Project Path="XafTornado/XafTornado.Tests/XafTornado.Tests.csproj" />
  <Project Path="XafTornado/XafTornado.ToolTests/XafTornado.ToolTests.csproj" />
  <Project Path="XafTornado/XafTornado.Smoke/XafTornado.Smoke.csproj" />
</Solution>
